// !$*UTF8*$!
{
	archiveVersion = 1;
	classes = {
	};
	objectVersion = 46;
	objects = {

/* Begin PBXBuildFile section */
		32AEB2B3BEF622AB3FDFD12B /* Pods.framework in Frameworks */ = {isa = PBXBuildFile; fileRef = AC268968C1BE63ED2845075C /* Pods.framework */; };
		A425B3731CA3D43D00584784 /* QRCodeViewController.storyboard in Resources */ = {isa = PBXBuildFile; fileRef = A425B3721CA3D43D00584784 /* QRCodeViewController.storyboard */; };
		A425B3751CA3D9A100584784 /* QRCodeViewController.swift in Sources */ = {isa = PBXBuildFile; fileRef = A425B3741CA3D9A100584784 /* QRCodeViewController.swift */; };
		A42BE7551CA617FB00A93EB1 /* NetworkTools.swift in Sources */ = {isa = PBXBuildFile; fileRef = A42BE7541CA617FA00A93EB1 /* NetworkTools.swift */; };
		A44100781CA2B5BC0076C374 /* titleButton.swift in Sources */ = {isa = PBXBuildFile; fileRef = A44100771CA2B5BC0076C374 /* titleButton.swift */; };
		A44BF7B21CA4E8A5004595FC /* QRCodeCardViewController.swift in Sources */ = {isa = PBXBuildFile; fileRef = A44BF7B11CA4E8A5004595FC /* QRCodeCardViewController.swift */; };
		A44BF7B41CA51C5A004595FC /* TestViewController.swift in Sources */ = {isa = PBXBuildFile; fileRef = A44BF7B31CA51C5A004595FC /* TestViewController.swift */; };
		A44D93371CAA304100419720 /* Status.swift in Sources */ = {isa = PBXBuildFile; fileRef = A44D93361CAA304100419720 /* Status.swift */; };
		A44D93391CAA595900419720 /* User.swift in Sources */ = {isa = PBXBuildFile; fileRef = A44D93381CAA595900419720 /* User.swift */; };
		A44D933B1CAA5ECA00419720 /* StatusTableViewCell.swift in Sources */ = {isa = PBXBuildFile; fileRef = A44D933A1CAA5ECA00419720 /* StatusTableViewCell.swift */; };
		A44D93431CAA7AAB00419720 /* UILabel+Category.swift in Sources */ = {isa = PBXBuildFile; fileRef = A44D93421CAA7AAB00419720 /* UILabel+Category.swift */; };
		A44D93451CAA7D9500419720 /* UIButton+Category.swift in Sources */ = {isa = PBXBuildFile; fileRef = A44D93441CAA7D9500419720 /* UIButton+Category.swift */; };
		A451712F1CA8C43C0022D3D2 /* NewFeatureViewController.swift in Sources */ = {isa = PBXBuildFile; fileRef = A451712E1CA8C43C0022D3D2 /* NewFeatureViewController.swift */; };
		A45171311CA921E40022D3D2 /* WelcomeViewController.swift in Sources */ = {isa = PBXBuildFile; fileRef = A45171301CA921E40022D3D2 /* WelcomeViewController.swift */; };
		A451EA2C1CA2335F009320F0 /* MainVCSettings.json in Resources */ = {isa = PBXBuildFile; fileRef = A451EA2A1CA2335F009320F0 /* MainVCSettings.json */; };
		A451EA2D1CA2335F009320F0 /* NullViewController.swift in Sources */ = {isa = PBXBuildFile; fileRef = A451EA2B1CA2335F009320F0 /* NullViewController.swift */; };
		A451EA2F1CA246ED009320F0 /* BaseTableViewController.swift in Sources */ = {isa = PBXBuildFile; fileRef = A451EA2E1CA246ED009320F0 /* BaseTableViewController.swift */; };
		A451EA311CA247DE009320F0 /* VisitorView.swift in Sources */ = {isa = PBXBuildFile; fileRef = A451EA301CA247DE009320F0 /* VisitorView.swift */; };
		A478811E1CA3859E005D3193 /* PopoverViewController.storyboard in Resources */ = {isa = PBXBuildFile; fileRef = A478811D1CA3859E005D3193 /* PopoverViewController.storyboard */; };
		A47881201CA3879D005D3193 /* PopoverViewController.swift in Sources */ = {isa = PBXBuildFile; fileRef = A478811F1CA3879D005D3193 /* PopoverViewController.swift */; };
		A47881221CA38E30005D3193 /* PopoverPresentationController.swift in Sources */ = {isa = PBXBuildFile; fileRef = A47881211CA38E30005D3193 /* PopoverPresentationController.swift */; };
		A47881241CA3C3C0005D3193 /* PopoverAnimator.swift in Sources */ = {isa = PBXBuildFile; fileRef = A47881231CA3C3C0005D3193 /* PopoverAnimator.swift */; };
		A49C5BC91CA136B900989FED /* AppDelegate.swift in Sources */ = {isa = PBXBuildFile; fileRef = A49C5BC81CA136B900989FED /* AppDelegate.swift */; };
		A49C5BD01CA136B900989FED /* Assets.xcassets in Resources */ = {isa = PBXBuildFile; fileRef = A49C5BCF1CA136B900989FED /* Assets.xcassets */; };
		A49C5BDE1CA136B900989FED /* SinaWeiboTests.swift in Sources */ = {isa = PBXBuildFile; fileRef = A49C5BDD1CA136B900989FED /* SinaWeiboTests.swift */; };
		A49C5BE91CA136B900989FED /* SinaWeiboUITests.swift in Sources */ = {isa = PBXBuildFile; fileRef = A49C5BE81CA136B900989FED /* SinaWeiboUITests.swift */; };
		A49C5C051CA13F1100989FED /* MainViewController.swift in Sources */ = {isa = PBXBuildFile; fileRef = A49C5C041CA13F1100989FED /* MainViewController.swift */; };
		A49C5C071CA13F4C00989FED /* HomeTableViewController.swift in Sources */ = {isa = PBXBuildFile; fileRef = A49C5C061CA13F4C00989FED /* HomeTableViewController.swift */; };
		A49C5C091CA13F6800989FED /* DiscoverTableViewController.swift in Sources */ = {isa = PBXBuildFile; fileRef = A49C5C081CA13F6800989FED /* DiscoverTableViewController.swift */; };
		A49C5C0B1CA13F7A00989FED /* MessageTableViewController.swift in Sources */ = {isa = PBXBuildFile; fileRef = A49C5C0A1CA13F7A00989FED /* MessageTableViewController.swift */; };
		A49C5C0D1CA13F8400989FED /* ProfileTableViewController.swift in Sources */ = {isa = PBXBuildFile; fileRef = A49C5C0C1CA13F8400989FED /* ProfileTableViewController.swift */; };
		A4AB98A91CA678B800F81328 /* UserAccount.swift in Sources */ = {isa = PBXBuildFile; fileRef = A4AB98A81CA678B800F81328 /* UserAccount.swift */; };
		A4AB98AB1CA685B600F81328 /* String+category.swift in Sources */ = {isa = PBXBuildFile; fileRef = A4AB98AA1CA685B600F81328 /* String+category.swift */; };
		A4CB75391CA533AE005EFC5A /* OAuthViewController.swift in Sources */ = {isa = PBXBuildFile; fileRef = A4CB75381CA533AE005EFC5A /* OAuthViewController.swift */; };
		A4E6DEC41CA26CB9008B3E45 /* UIView+AutoLayout.swift in Sources */ = {isa = PBXBuildFile; fileRef = A4E6DEC31CA26CB9008B3E45 /* UIView+AutoLayout.swift */; };
		A4E6DEC61CA294C5008B3E45 /* UIBarButtonItem+category.swift in Sources */ = {isa = PBXBuildFile; fileRef = A4E6DEC51CA294C5008B3E45 /* UIBarButtonItem+category.swift */; };
/* End PBXBuildFile section */

/* Begin PBXContainerItemProxy section */
		A49C5BDA1CA136B900989FED /* PBXContainerItemProxy */ = {
			isa = PBXContainerItemProxy;
			containerPortal = A49C5BBD1CA136B900989FED /* Project object */;
			proxyType = 1;
			remoteGlobalIDString = A49C5BC41CA136B900989FED;
			remoteInfo = SinaWeibo;
		};
		A49C5BE51CA136B900989FED /* PBXContainerItemProxy */ = {
			isa = PBXContainerItemProxy;
			containerPortal = A49C5BBD1CA136B900989FED /* Project object */;
			proxyType = 1;
			remoteGlobalIDString = A49C5BC41CA136B900989FED;
			remoteInfo = SinaWeibo;
		};
/* End PBXContainerItemProxy section */

/* Begin PBXFileReference section */
		A425B3721CA3D43D00584784 /* QRCodeViewController.storyboard */ = {isa = PBXFileReference; fileEncoding = 4; lastKnownFileType = file.storyboard; path = QRCodeViewController.storyboard; sourceTree = "<group>"; };
		A425B3741CA3D9A100584784 /* QRCodeViewController.swift */ = {isa = PBXFileReference; fileEncoding = 4; lastKnownFileType = sourcecode.swift; path = QRCodeViewController.swift; sourceTree = "<group>"; };
		A42BE7541CA617FA00A93EB1 /* NetworkTools.swift */ = {isa = PBXFileReference; fileEncoding = 4; lastKnownFileType = sourcecode.swift; path = NetworkTools.swift; sourceTree = "<group>"; };
		A44100771CA2B5BC0076C374 /* titleButton.swift */ = {isa = PBXFileReference; fileEncoding = 4; lastKnownFileType = sourcecode.swift; path = titleButton.swift; sourceTree = "<group>"; };
		A44BF7B11CA4E8A5004595FC /* QRCodeCardViewController.swift */ = {isa = PBXFileReference; fileEncoding = 4; lastKnownFileType = sourcecode.swift; path = QRCodeCardViewController.swift; sourceTree = "<group>"; };
		A44BF7B31CA51C5A004595FC /* TestViewController.swift */ = {isa = PBXFileReference; fileEncoding = 4; lastKnownFileType = sourcecode.swift; path = TestViewController.swift; sourceTree = "<group>"; };
		A44D93361CAA304100419720 /* Status.swift */ = {isa = PBXFileReference; fileEncoding = 4; lastKnownFileType = sourcecode.swift; name = Status.swift; path = ../Status.swift; sourceTree = "<group>"; };
		A44D93381CAA595900419720 /* User.swift */ = {isa = PBXFileReference; fileEncoding = 4; lastKnownFileType = sourcecode.swift; path = User.swift; sourceTree = "<group>"; };
		A44D933A1CAA5ECA00419720 /* StatusTableViewCell.swift */ = {isa = PBXFileReference; fileEncoding = 4; lastKnownFileType = sourcecode.swift; path = StatusTableViewCell.swift; sourceTree = "<group>"; };
		A44D93421CAA7AAB00419720 /* UILabel+Category.swift */ = {isa = PBXFileReference; fileEncoding = 4; lastKnownFileType = sourcecode.swift; path = "UILabel+Category.swift"; sourceTree = "<group>"; };
		A44D93441CAA7D9500419720 /* UIButton+Category.swift */ = {isa = PBXFileReference; fileEncoding = 4; lastKnownFileType = sourcecode.swift; path = "UIButton+Category.swift"; sourceTree = "<group>"; };
		A451712E1CA8C43C0022D3D2 /* NewFeatureViewController.swift */ = {isa = PBXFileReference; fileEncoding = 4; lastKnownFileType = sourcecode.swift; path = NewFeatureViewController.swift; sourceTree = "<group>"; };
		A45171301CA921E40022D3D2 /* WelcomeViewController.swift */ = {isa = PBXFileReference; fileEncoding = 4; lastKnownFileType = sourcecode.swift; path = WelcomeViewController.swift; sourceTree = "<group>"; };
		A451EA2A1CA2335F009320F0 /* MainVCSettings.json */ = {isa = PBXFileReference; fileEncoding = 4; lastKnownFileType = text.json; path = MainVCSettings.json; sourceTree = "<group>"; };
		A451EA2B1CA2335F009320F0 /* NullViewController.swift */ = {isa = PBXFileReference; fileEncoding = 4; lastKnownFileType = sourcecode.swift; path = NullViewController.swift; sourceTree = "<group>"; };
		A451EA2E1CA246ED009320F0 /* BaseTableViewController.swift */ = {isa = PBXFileReference; fileEncoding = 4; lastKnownFileType = sourcecode.swift; name = BaseTableViewController.swift; path = ../Common/BaseTableViewController.swift; sourceTree = "<group>"; };
		A451EA301CA247DE009320F0 /* VisitorView.swift */ = {isa = PBXFileReference; fileEncoding = 4; lastKnownFileType = sourcecode.swift; name = VisitorView.swift; path = ../Common/VisitorView.swift; sourceTree = "<group>"; };
		A478811D1CA3859E005D3193 /* PopoverViewController.storyboard */ = {isa = PBXFileReference; fileEncoding = 4; lastKnownFileType = file.storyboard; path = PopoverViewController.storyboard; sourceTree = "<group>"; };
		A478811F1CA3879D005D3193 /* PopoverViewController.swift */ = {isa = PBXFileReference; fileEncoding = 4; lastKnownFileType = sourcecode.swift; path = PopoverViewController.swift; sourceTree = "<group>"; };
		A47881211CA38E30005D3193 /* PopoverPresentationController.swift */ = {isa = PBXFileReference; fileEncoding = 4; lastKnownFileType = sourcecode.swift; path = PopoverPresentationController.swift; sourceTree = "<group>"; };
		A47881231CA3C3C0005D3193 /* PopoverAnimator.swift */ = {isa = PBXFileReference; fileEncoding = 4; lastKnownFileType = sourcecode.swift; path = PopoverAnimator.swift; sourceTree = "<group>"; };
		A49C5BC51CA136B900989FED /* SinaWeibo.app */ = {isa = PBXFileReference; explicitFileType = wrapper.application; includeInIndex = 0; path = SinaWeibo.app; sourceTree = BUILT_PRODUCTS_DIR; };
		A49C5BC81CA136B900989FED /* AppDelegate.swift */ = {isa = PBXFileReference; lastKnownFileType = sourcecode.swift; path = AppDelegate.swift; sourceTree = "<group>"; };
		A49C5BCF1CA136B900989FED /* Assets.xcassets */ = {isa = PBXFileReference; lastKnownFileType = folder.assetcatalog; path = Assets.xcassets; sourceTree = "<group>"; };
		A49C5BD41CA136B900989FED /* Info.plist */ = {isa = PBXFileReference; lastKnownFileType = text.plist.xml; path = Info.plist; sourceTree = "<group>"; };
		A49C5BD91CA136B900989FED /* SinaWeiboTests.xctest */ = {isa = PBXFileReference; explicitFileType = wrapper.cfbundle; includeInIndex = 0; path = SinaWeiboTests.xctest; sourceTree = BUILT_PRODUCTS_DIR; };
		A49C5BDD1CA136B900989FED /* SinaWeiboTests.swift */ = {isa = PBXFileReference; lastKnownFileType = sourcecode.swift; path = SinaWeiboTests.swift; sourceTree = "<group>"; };
		A49C5BDF1CA136B900989FED /* Info.plist */ = {isa = PBXFileReference; lastKnownFileType = text.plist.xml; path = Info.plist; sourceTree = "<group>"; };
		A49C5BE41CA136B900989FED /* SinaWeiboUITests.xctest */ = {isa = PBXFileReference; explicitFileType = wrapper.cfbundle; includeInIndex = 0; path = SinaWeiboUITests.xctest; sourceTree = BUILT_PRODUCTS_DIR; };
		A49C5BE81CA136B900989FED /* SinaWeiboUITests.swift */ = {isa = PBXFileReference; lastKnownFileType = sourcecode.swift; path = SinaWeiboUITests.swift; sourceTree = "<group>"; };
		A49C5BEA1CA136B900989FED /* Info.plist */ = {isa = PBXFileReference; lastKnownFileType = text.plist.xml; path = Info.plist; sourceTree = "<group>"; };
		A49C5C041CA13F1100989FED /* MainViewController.swift */ = {isa = PBXFileReference; fileEncoding = 4; lastKnownFileType = sourcecode.swift; path = MainViewController.swift; sourceTree = "<group>"; };
		A49C5C061CA13F4C00989FED /* HomeTableViewController.swift */ = {isa = PBXFileReference; fileEncoding = 4; lastKnownFileType = sourcecode.swift; path = HomeTableViewController.swift; sourceTree = "<group>"; };
		A49C5C081CA13F6800989FED /* DiscoverTableViewController.swift */ = {isa = PBXFileReference; fileEncoding = 4; lastKnownFileType = sourcecode.swift; path = DiscoverTableViewController.swift; sourceTree = "<group>"; };
		A49C5C0A1CA13F7A00989FED /* MessageTableViewController.swift */ = {isa = PBXFileReference; fileEncoding = 4; lastKnownFileType = sourcecode.swift; path = MessageTableViewController.swift; sourceTree = "<group>"; };
		A49C5C0C1CA13F8400989FED /* ProfileTableViewController.swift */ = {isa = PBXFileReference; fileEncoding = 4; lastKnownFileType = sourcecode.swift; path = ProfileTableViewController.swift; sourceTree = "<group>"; };
		A4AB98A81CA678B800F81328 /* UserAccount.swift */ = {isa = PBXFileReference; fileEncoding = 4; lastKnownFileType = sourcecode.swift; path = UserAccount.swift; sourceTree = "<group>"; };
		A4AB98AA1CA685B600F81328 /* String+category.swift */ = {isa = PBXFileReference; fileEncoding = 4; lastKnownFileType = sourcecode.swift; path = "String+category.swift"; sourceTree = "<group>"; };
		A4CB75381CA533AE005EFC5A /* OAuthViewController.swift */ = {isa = PBXFileReference; fileEncoding = 4; lastKnownFileType = sourcecode.swift; path = OAuthViewController.swift; sourceTree = "<group>"; };
		A4E6DEC31CA26CB9008B3E45 /* UIView+AutoLayout.swift */ = {isa = PBXFileReference; fileEncoding = 4; lastKnownFileType = sourcecode.swift; path = "UIView+AutoLayout.swift"; sourceTree = "<group>"; };
		A4E6DEC51CA294C5008B3E45 /* UIBarButtonItem+category.swift */ = {isa = PBXFileReference; fileEncoding = 4; lastKnownFileType = sourcecode.swift; path = "UIBarButtonItem+category.swift"; sourceTree = "<group>"; };
		AC268968C1BE63ED2845075C /* Pods.framework */ = {isa = PBXFileReference; explicitFileType = wrapper.framework; includeInIndex = 0; path = Pods.framework; sourceTree = BUILT_PRODUCTS_DIR; };
		B31E1AFF585805A86DD0B2C7 /* Pods.release.xcconfig */ = {isa = PBXFileReference; includeInIndex = 1; lastKnownFileType = text.xcconfig; name = Pods.release.xcconfig; path = "Pods/Target Support Files/Pods/Pods.release.xcconfig"; sourceTree = "<group>"; };
		D86C7EFF40F80AD29AD23876 /* Pods.debug.xcconfig */ = {isa = PBXFileReference; includeInIndex = 1; lastKnownFileType = text.xcconfig; name = Pods.debug.xcconfig; path = "Pods/Target Support Files/Pods/Pods.debug.xcconfig"; sourceTree = "<group>"; };
/* End PBXFileReference section */

/* Begin PBXFrameworksBuildPhase section */
		A49C5BC21CA136B900989FED /* Frameworks */ = {
			isa = PBXFrameworksBuildPhase;
			buildActionMask = 2147483647;
			files = (
				32AEB2B3BEF622AB3FDFD12B /* Pods.framework in Frameworks */,
			);
			runOnlyForDeploymentPostprocessing = 0;
		};
		A49C5BD61CA136B900989FED /* Frameworks */ = {
			isa = PBXFrameworksBuildPhase;
			buildActionMask = 2147483647;
			files = (
			);
			runOnlyForDeploymentPostprocessing = 0;
		};
		A49C5BE11CA136B900989FED /* Frameworks */ = {
			isa = PBXFrameworksBuildPhase;
			buildActionMask = 2147483647;
			files = (
			);
			runOnlyForDeploymentPostprocessing = 0;
		};
/* End PBXFrameworksBuildPhase section */

/* Begin PBXGroup section */
		A425B3711CA3D41000584784 /* QRCode */ = {
			isa = PBXGroup;
			children = (
				A425B3721CA3D43D00584784 /* QRCodeViewController.storyboard */,
				A425B3741CA3D9A100584784 /* QRCodeViewController.swift */,
				A44BF7B11CA4E8A5004595FC /* QRCodeCardViewController.swift */,
				A44BF7B31CA51C5A004595FC /* TestViewController.swift */,
			);
			name = QRCode;
			sourceTree = "<group>";
		};
		A451712B1CA8C3A60022D3D2 /* New Feature */ = {
			isa = PBXGroup;
			children = (
				A451712E1CA8C43C0022D3D2 /* NewFeatureViewController.swift */,
				A45171301CA921E40022D3D2 /* WelcomeViewController.swift */,
			);
			name = "New Feature";
			sourceTree = "<group>";
		};
		A451EA291CA2335F009320F0 /* Resource */ = {
			isa = PBXGroup;
			children = (
				A451EA2A1CA2335F009320F0 /* MainVCSettings.json */,
				A451EA2B1CA2335F009320F0 /* NullViewController.swift */,
			);
			path = Resource;
			sourceTree = "<group>";
		};
		A478811C1CA38565005D3193 /* Popover */ = {
			isa = PBXGroup;
			children = (
				A478811D1CA3859E005D3193 /* PopoverViewController.storyboard */,
				A478811F1CA3879D005D3193 /* PopoverViewController.swift */,
				A47881211CA38E30005D3193 /* PopoverPresentationController.swift */,
				A47881231CA3C3C0005D3193 /* PopoverAnimator.swift */,
			);
			name = Popover;
			sourceTree = "<group>";
		};
		A49C5BBC1CA136B900989FED = {
			isa = PBXGroup;
			children = (
				A49C5BC71CA136B900989FED /* SinaWeibo */,
				A49C5BDC1CA136B900989FED /* SinaWeiboTests */,
				A49C5BE71CA136B900989FED /* SinaWeiboUITests */,
				A49C5BC61CA136B900989FED /* Products */,
				EE0B5096DBB4C5016986BE4B /* Pods */,
				A70DD2F88F404FB1743E36C4 /* Frameworks */,
			);
			sourceTree = "<group>";
		};
		A49C5BC61CA136B900989FED /* Products */ = {
			isa = PBXGroup;
			children = (
				A49C5BC51CA136B900989FED /* SinaWeibo.app */,
				A49C5BD91CA136B900989FED /* SinaWeiboTests.xctest */,
				A49C5BE41CA136B900989FED /* SinaWeiboUITests.xctest */,
			);
			name = Products;
			sourceTree = "<group>";
		};
		A49C5BC71CA136B900989FED /* SinaWeibo */ = {
			isa = PBXGroup;
			children = (
				A49C5BC81CA136B900989FED /* AppDelegate.swift */,
				A49C5BF61CA13CD600989FED /* Classes */,
				A49C5BCF1CA136B900989FED /* Assets.xcassets */,
				A49C5BD41CA136B900989FED /* Info.plist */,
			);
			path = SinaWeibo;
			sourceTree = "<group>";
		};
		A49C5BDC1CA136B900989FED /* SinaWeiboTests */ = {
			isa = PBXGroup;
			children = (
				A49C5BDD1CA136B900989FED /* SinaWeiboTests.swift */,
				A49C5BDF1CA136B900989FED /* Info.plist */,
			);
			path = SinaWeiboTests;
			sourceTree = "<group>";
		};
		A49C5BE71CA136B900989FED /* SinaWeiboUITests */ = {
			isa = PBXGroup;
			children = (
				A49C5BE81CA136B900989FED /* SinaWeiboUITests.swift */,
				A49C5BEA1CA136B900989FED /* Info.plist */,
			);
			path = SinaWeiboUITests;
			sourceTree = "<group>";
		};
		A49C5BF61CA13CD600989FED /* Classes */ = {
			isa = PBXGroup;
			children = (
				A451712B1CA8C3A60022D3D2 /* New Feature */,
				A4CB75371CA53364005EFC5A /* OAuth */,
				A49C5BF71CA13CD600989FED /* Common */,
				A49C5BF81CA13CD600989FED /* Discover */,
				A49C5BF91CA13CD600989FED /* Home */,
				A49C5BFA1CA13CD600989FED /* Main */,
				A49C5BFB1CA13CD600989FED /* Message */,
				A49C5BFC1CA13CD600989FED /* Profile */,
				A49C5BFD1CA13CD600989FED /* Tool */,
			);
			path = Classes;
			sourceTree = "<group>";
		};
		A49C5BF71CA13CD600989FED /* Common */ = {
			isa = PBXGroup;
			children = (
				A4E6DEC51CA294C5008B3E45 /* UIBarButtonItem+category.swift */,
				A44100771CA2B5BC0076C374 /* titleButton.swift */,
				A44D93421CAA7AAB00419720 /* UILabel+Category.swift */,
				A44D93441CAA7D9500419720 /* UIButton+Category.swift */,
			);
			path = Common;
			sourceTree = "<group>";
		};
		A49C5BF81CA13CD600989FED /* Discover */ = {
			isa = PBXGroup;
			children = (
				A49C5C081CA13F6800989FED /* DiscoverTableViewController.swift */,
			);
			path = Discover;
			sourceTree = "<group>";
		};
		A49C5BF91CA13CD600989FED /* Home */ = {
			isa = PBXGroup;
			children = (
				A425B3711CA3D41000584784 /* QRCode */,
				A478811C1CA38565005D3193 /* Popover */,
				A49C5C061CA13F4C00989FED /* HomeTableViewController.swift */,
				A44D93361CAA304100419720 /* Status.swift */,
				A44D93381CAA595900419720 /* User.swift */,
				A44D933A1CAA5ECA00419720 /* StatusTableViewCell.swift */,
			);
			path = Home;
			sourceTree = "<group>";
		};
		A49C5BFA1CA13CD600989FED /* Main */ = {
			isa = PBXGroup;
			children = (
				A451EA291CA2335F009320F0 /* Resource */,
				A49C5C041CA13F1100989FED /* MainViewController.swift */,
				A451EA2E1CA246ED009320F0 /* BaseTableViewController.swift */,
				A451EA301CA247DE009320F0 /* VisitorView.swift */,
			);
			path = Main;
			sourceTree = "<group>";
		};
		A49C5BFB1CA13CD600989FED /* Message */ = {
			isa = PBXGroup;
			children = (
				A49C5C0A1CA13F7A00989FED /* MessageTableViewController.swift */,
			);
			path = Message;
			sourceTree = "<group>";
		};
		A49C5BFC1CA13CD600989FED /* Profile */ = {
			isa = PBXGroup;
			children = (
				A49C5C0C1CA13F8400989FED /* ProfileTableViewController.swift */,
			);
			path = Profile;
			sourceTree = "<group>";
		};
		A49C5BFD1CA13CD600989FED /* Tool */ = {
			isa = PBXGroup;
			children = (
				A4E6DEC31CA26CB9008B3E45 /* UIView+AutoLayout.swift */,
				A42BE7541CA617FA00A93EB1 /* NetworkTools.swift */,
				A4AB98AA1CA685B600F81328 /* String+category.swift */,
			);
			path = Tool;
			sourceTree = "<group>";
		};
		A4CB75371CA53364005EFC5A /* OAuth */ = {
			isa = PBXGroup;
			children = (
				A4CB75381CA533AE005EFC5A /* OAuthViewController.swift */,
				A4AB98A81CA678B800F81328 /* UserAccount.swift */,
			);
			name = OAuth;
			sourceTree = "<group>";
		};
		A70DD2F88F404FB1743E36C4 /* Frameworks */ = {
			isa = PBXGroup;
			children = (
				AC268968C1BE63ED2845075C /* Pods.framework */,
			);
			name = Frameworks;
			sourceTree = "<group>";
		};
		EE0B5096DBB4C5016986BE4B /* Pods */ = {
			isa = PBXGroup;
			children = (
				D86C7EFF40F80AD29AD23876 /* Pods.debug.xcconfig */,
				B31E1AFF585805A86DD0B2C7 /* Pods.release.xcconfig */,
			);
			name = Pods;
			sourceTree = "<group>";
		};
/* End PBXGroup section */

/* Begin PBXNativeTarget section */
		A49C5BC41CA136B900989FED /* SinaWeibo */ = {
			isa = PBXNativeTarget;
			buildConfigurationList = A49C5BED1CA136B900989FED /* Build configuration list for PBXNativeTarget "SinaWeibo" */;
			buildPhases = (
				70833876D97C3C931DB46A8A /* Check Pods Manifest.lock */,
				A49C5BC11CA136B900989FED /* Sources */,
				A49C5BC21CA136B900989FED /* Frameworks */,
				A49C5BC31CA136B900989FED /* Resources */,
				88EE7F3211C8EC9C8A2A7471 /* Embed Pods Frameworks */,
				6C47735CDF8B62A5167755D2 /* Copy Pods Resources */,
			);
			buildRules = (
			);
			dependencies = (
			);
			name = SinaWeibo;
			productName = SinaWeibo;
			productReference = A49C5BC51CA136B900989FED /* SinaWeibo.app */;
			productType = "com.apple.product-type.application";
		};
		A49C5BD81CA136B900989FED /* SinaWeiboTests */ = {
			isa = PBXNativeTarget;
			buildConfigurationList = A49C5BF01CA136B900989FED /* Build configuration list for PBXNativeTarget "SinaWeiboTests" */;
			buildPhases = (
				A49C5BD51CA136B900989FED /* Sources */,
				A49C5BD61CA136B900989FED /* Frameworks */,
				A49C5BD71CA136B900989FED /* Resources */,
			);
			buildRules = (
			);
			dependencies = (
				A49C5BDB1CA136B900989FED /* PBXTargetDependency */,
			);
			name = SinaWeiboTests;
			productName = SinaWeiboTests;
			productReference = A49C5BD91CA136B900989FED /* SinaWeiboTests.xctest */;
			productType = "com.apple.product-type.bundle.unit-test";
		};
		A49C5BE31CA136B900989FED /* SinaWeiboUITests */ = {
			isa = PBXNativeTarget;
			buildConfigurationList = A49C5BF31CA136B900989FED /* Build configuration list for PBXNativeTarget "SinaWeiboUITests" */;
			buildPhases = (
				A49C5BE01CA136B900989FED /* Sources */,
				A49C5BE11CA136B900989FED /* Frameworks */,
				A49C5BE21CA136B900989FED /* Resources */,
			);
			buildRules = (
			);
			dependencies = (
				A49C5BE61CA136B900989FED /* PBXTargetDependency */,
			);
			name = SinaWeiboUITests;
			productName = SinaWeiboUITests;
			productReference = A49C5BE41CA136B900989FED /* SinaWeiboUITests.xctest */;
			productType = "com.apple.product-type.bundle.ui-testing";
		};
/* End PBXNativeTarget section */

/* Begin PBXProject section */
		A49C5BBD1CA136B900989FED /* Project object */ = {
			isa = PBXProject;
			attributes = {
				LastSwiftUpdateCheck = 0720;
				LastUpgradeCheck = 0720;
				ORGANIZATIONNAME = liu;
				TargetAttributes = {
					A49C5BC41CA136B900989FED = {
						CreatedOnToolsVersion = 7.2.1;
						DevelopmentTeam = CE33MW65T6;
					};
					A49C5BD81CA136B900989FED = {
						CreatedOnToolsVersion = 7.2.1;
						DevelopmentTeam = CE33MW65T6;
						TestTargetID = A49C5BC41CA136B900989FED;
					};
					A49C5BE31CA136B900989FED = {
						CreatedOnToolsVersion = 7.2.1;
						DevelopmentTeam = CE33MW65T6;
						TestTargetID = A49C5BC41CA136B900989FED;
					};
				};
			};
			buildConfigurationList = A49C5BC01CA136B900989FED /* Build configuration list for PBXProject "SinaWeibo" */;
			compatibilityVersion = "Xcode 3.2";
			developmentRegion = English;
			hasScannedForEncodings = 0;
			knownRegions = (
				en,
				Base,
			);
			mainGroup = A49C5BBC1CA136B900989FED;
			productRefGroup = A49C5BC61CA136B900989FED /* Products */;
			projectDirPath = "";
			projectRoot = "";
			targets = (
				A49C5BC41CA136B900989FED /* SinaWeibo */,
				A49C5BD81CA136B900989FED /* SinaWeiboTests */,
				A49C5BE31CA136B900989FED /* SinaWeiboUITests */,
			);
		};
/* End PBXProject section */

/* Begin PBXResourcesBuildPhase section */
		A49C5BC31CA136B900989FED /* Resources */ = {
			isa = PBXResourcesBuildPhase;
			buildActionMask = 2147483647;
			files = (
				A478811E1CA3859E005D3193 /* PopoverViewController.storyboard in Resources */,
				A451EA2C1CA2335F009320F0 /* MainVCSettings.json in Resources */,
				A49C5BD01CA136B900989FED /* Assets.xcassets in Resources */,
				A425B3731CA3D43D00584784 /* QRCodeViewController.storyboard in Resources */,
			);
			runOnlyForDeploymentPostprocessing = 0;
		};
		A49C5BD71CA136B900989FED /* Resources */ = {
			isa = PBXResourcesBuildPhase;
			buildActionMask = 2147483647;
			files = (
			);
			runOnlyForDeploymentPostprocessing = 0;
		};
		A49C5BE21CA136B900989FED /* Resources */ = {
			isa = PBXResourcesBuildPhase;
			buildActionMask = 2147483647;
			files = (
			);
			runOnlyForDeploymentPostprocessing = 0;
		};
/* End PBXResourcesBuildPhase section */

/* Begin PBXShellScriptBuildPhase section */
		6C47735CDF8B62A5167755D2 /* Copy Pods Resources */ = {
			isa = PBXShellScriptBuildPhase;
			buildActionMask = 2147483647;
			files = (
			);
			inputPaths = (
			);
			name = "Copy Pods Resources";
			outputPaths = (
			);
			runOnlyForDeploymentPostprocessing = 0;
			shellPath = /bin/sh;
			shellScript = "\"${SRCROOT}/Pods/Target Support Files/Pods/Pods-resources.sh\"\n";
			showEnvVarsInLog = 0;
		};
		70833876D97C3C931DB46A8A /* Check Pods Manifest.lock */ = {
			isa = PBXShellScriptBuildPhase;
			buildActionMask = 2147483647;
			files = (
			);
			inputPaths = (
			);
			name = "Check Pods Manifest.lock";
			outputPaths = (
			);
			runOnlyForDeploymentPostprocessing = 0;
			shellPath = /bin/sh;
			shellScript = "diff \"${PODS_ROOT}/../Podfile.lock\" \"${PODS_ROOT}/Manifest.lock\" > /dev/null\nif [[ $? != 0 ]] ; then\n    cat << EOM\nerror: The sandbox is not in sync with the Podfile.lock. Run 'pod install' or update your CocoaPods installation.\nEOM\n    exit 1\nfi\n";
			showEnvVarsInLog = 0;
		};
		88EE7F3211C8EC9C8A2A7471 /* Embed Pods Frameworks */ = {
			isa = PBXShellScriptBuildPhase;
			buildActionMask = 2147483647;
			files = (
			);
			inputPaths = (
			);
			name = "Embed Pods Frameworks";
			outputPaths = (
			);
			runOnlyForDeploymentPostprocessing = 0;
			shellPath = /bin/sh;
			shellScript = "\"${SRCROOT}/Pods/Target Support Files/Pods/Pods-frameworks.sh\"\n";
			showEnvVarsInLog = 0;
		};
/* End PBXShellScriptBuildPhase section */

/* Begin PBXSourcesBuildPhase section */
		A49C5BC11CA136B900989FED /* Sources */ = {
			isa = PBXSourcesBuildPhase;
			buildActionMask = 2147483647;
			files = (
				A44D93391CAA595900419720 /* User.swift in Sources */,
				A49C5C0D1CA13F8400989FED /* ProfileTableViewController.swift in Sources */,
				A44D93371CAA304100419720 /* Status.swift in Sources */,
				A49C5C071CA13F4C00989FED /* HomeTableViewController.swift in Sources */,
				A425B3751CA3D9A100584784 /* QRCodeViewController.swift in Sources */,
				A47881201CA3879D005D3193 /* PopoverViewController.swift in Sources */,
				A451712F1CA8C43C0022D3D2 /* NewFeatureViewController.swift in Sources */,
				A44100781CA2B5BC0076C374 /* titleButton.swift in Sources */,
				A451EA2F1CA246ED009320F0 /* BaseTableViewController.swift in Sources */,
				A44BF7B21CA4E8A5004595FC /* QRCodeCardViewController.swift in Sources */,
				A49C5C051CA13F1100989FED /* MainViewController.swift in Sources */,
				A45171311CA921E40022D3D2 /* WelcomeViewController.swift in Sources */,
				A49C5C0B1CA13F7A00989FED /* MessageTableViewController.swift in Sources */,
				A4E6DEC41CA26CB9008B3E45 /* UIView+AutoLayout.swift in Sources */,
				A49C5C091CA13F6800989FED /* DiscoverTableViewController.swift in Sources */,
				A451EA311CA247DE009320F0 /* VisitorView.swift in Sources */,
				A42BE7551CA617FB00A93EB1 /* NetworkTools.swift in Sources */,
				A4CB75391CA533AE005EFC5A /* OAuthViewController.swift in Sources */,
				A44D933B1CAA5ECA00419720 /* StatusTableViewCell.swift in Sources */,
				A47881241CA3C3C0005D3193 /* PopoverAnimator.swift in Sources */,
				A4E6DEC61CA294C5008B3E45 /* UIBarButtonItem+category.swift in Sources */,
				A49C5BC91CA136B900989FED /* AppDelegate.swift in Sources */,
				A451EA2D1CA2335F009320F0 /* NullViewController.swift in Sources */,
				A4AB98AB1CA685B600F81328 /* String+category.swift in Sources */,
				A44D93431CAA7AAB00419720 /* UILabel+Category.swift in Sources */,
				A44BF7B41CA51C5A004595FC /* TestViewController.swift in Sources */,
				A44D93451CAA7D9500419720 /* UIButton+Category.swift in Sources */,
				A47881221CA38E30005D3193 /* PopoverPresentationController.swift in Sources */,
				A4AB98A91CA678B800F81328 /* UserAccount.swift in Sources */,
			);
			runOnlyForDeploymentPostprocessing = 0;
		};
		A49C5BD51CA136B900989FED /* Sources */ = {
			isa = PBXSourcesBuildPhase;
			buildActionMask = 2147483647;
			files = (
				A49C5BDE1CA136B900989FED /* SinaWeiboTests.swift in Sources */,
			);
			runOnlyForDeploymentPostprocessing = 0;
		};
		A49C5BE01CA136B900989FED /* Sources */ = {
			isa = PBXSourcesBuildPhase;
			buildActionMask = 2147483647;
			files = (
				A49C5BE91CA136B900989FED /* SinaWeiboUITests.swift in Sources */,
			);
			runOnlyForDeploymentPostprocessing = 0;
		};
/* End PBXSourcesBuildPhase section */

/* Begin PBXTargetDependency section */
		A49C5BDB1CA136B900989FED /* PBXTargetDependency */ = {
			isa = PBXTargetDependency;
			target = A49C5BC41CA136B900989FED /* SinaWeibo */;
			targetProxy = A49C5BDA1CA136B900989FED /* PBXContainerItemProxy */;
		};
		A49C5BE61CA136B900989FED /* PBXTargetDependency */ = {
			isa = PBXTargetDependency;
			target = A49C5BC41CA136B900989FED /* SinaWeibo */;
			targetProxy = A49C5BE51CA136B900989FED /* PBXContainerItemProxy */;
		};
/* End PBXTargetDependency section */

/* Begin XCBuildConfiguration section */
		A49C5BEB1CA136B900989FED /* Debug */ = {
			isa = XCBuildConfiguration;
			buildSettings = {
				ALWAYS_SEARCH_USER_PATHS = NO;
				CLANG_CXX_LANGUAGE_STANDARD = "gnu++0x";
				CLANG_CXX_LIBRARY = "libc++";
				CLANG_ENABLE_MODULES = YES;
				CLANG_ENABLE_OBJC_ARC = YES;
				CLANG_WARN_BOOL_CONVERSION = YES;
				CLANG_WARN_CONSTANT_CONVERSION = YES;
				CLANG_WARN_DIRECT_OBJC_ISA_USAGE = YES_ERROR;
				CLANG_WARN_EMPTY_BODY = YES;
				CLANG_WARN_ENUM_CONVERSION = YES;
				CLANG_WARN_INT_CONVERSION = YES;
				CLANG_WARN_OBJC_ROOT_CLASS = YES_ERROR;
				CLANG_WARN_UNREACHABLE_CODE = YES;
				CLANG_WARN__DUPLICATE_METHOD_MATCH = YES;
				"CODE_SIGN_IDENTITY[sdk=iphoneos*]" = "iPhone Developer";
				COPY_PHASE_STRIP = NO;
				DEBUG_INFORMATION_FORMAT = dwarf;
				ENABLE_STRICT_OBJC_MSGSEND = YES;
				ENABLE_TESTABILITY = YES;
				GCC_C_LANGUAGE_STANDARD = gnu99;
				GCC_DYNAMIC_NO_PIC = NO;
				GCC_NO_COMMON_BLOCKS = YES;
				GCC_OPTIMIZATION_LEVEL = 0;
				GCC_PREPROCESSOR_DEFINITIONS = (
					"DEBUG=1",
					"$(inherited)",
				);
				GCC_WARN_64_TO_32_BIT_CONVERSION = YES;
				GCC_WARN_ABOUT_RETURN_TYPE = YES_ERROR;
				GCC_WARN_UNDECLARED_SELECTOR = YES;
				GCC_WARN_UNINITIALIZED_AUTOS = YES_AGGRESSIVE;
				GCC_WARN_UNUSED_FUNCTION = YES;
				GCC_WARN_UNUSED_VARIABLE = YES;
				IPHONEOS_DEPLOYMENT_TARGET = 9.2;
				MTL_ENABLE_DEBUG_INFO = YES;
				ONLY_ACTIVE_ARCH = YES;
				SDKROOT = iphoneos;
				SWIFT_OPTIMIZATION_LEVEL = "-Onone";
				TARGETED_DEVICE_FAMILY = "1,2";
			};
			name = Debug;
		};
		A49C5BEC1CA136B900989FED /* Release */ = {
			isa = XCBuildConfiguration;
			buildSettings = {
				ALWAYS_SEARCH_USER_PATHS = NO;
				CLANG_CXX_LANGUAGE_STANDARD = "gnu++0x";
				CLANG_CXX_LIBRARY = "libc++";
				CLANG_ENABLE_MODULES = YES;
				CLANG_ENABLE_OBJC_ARC = YES;
				CLANG_WARN_BOOL_CONVERSION = YES;
				CLANG_WARN_CONSTANT_CONVERSION = YES;
				CLANG_WARN_DIRECT_OBJC_ISA_USAGE = YES_ERROR;
				CLANG_WARN_EMPTY_BODY = YES;
				CLANG_WARN_ENUM_CONVERSION = YES;
				CLANG_WARN_INT_CONVERSION = YES;
				CLANG_WARN_OBJC_ROOT_CLASS = YES_ERROR;
				CLANG_WARN_UNREACHABLE_CODE = YES;
				CLANG_WARN__DUPLICATE_METHOD_MATCH = YES;
				"CODE_SIGN_IDENTITY[sdk=iphoneos*]" = "iPhone Developer";
				COPY_PHASE_STRIP = NO;
				DEBUG_INFORMATION_FORMAT = "dwarf-with-dsym";
				ENABLE_NS_ASSERTIONS = NO;
				ENABLE_STRICT_OBJC_MSGSEND = YES;
				GCC_C_LANGUAGE_STANDARD = gnu99;
				GCC_NO_COMMON_BLOCKS = YES;
				GCC_WARN_64_TO_32_BIT_CONVERSION = YES;
				GCC_WARN_ABOUT_RETURN_TYPE = YES_ERROR;
				GCC_WARN_UNDECLARED_SELECTOR = YES;
				GCC_WARN_UNINITIALIZED_AUTOS = YES_AGGRESSIVE;
				GCC_WARN_UNUSED_FUNCTION = YES;
				GCC_WARN_UNUSED_VARIABLE = YES;
				IPHONEOS_DEPLOYMENT_TARGET = 9.2;
				MTL_ENABLE_DEBUG_INFO = NO;
				SDKROOT = iphoneos;
				TARGETED_DEVICE_FAMILY = "1,2";
				VALIDATE_PRODUCT = YES;
			};
			name = Release;
		};
		A49C5BEE1CA136B900989FED /* Debug */ = {
			isa = XCBuildConfiguration;
			baseConfigurationReference = D86C7EFF40F80AD29AD23876 /* Pods.debug.xcconfig */;
			buildSettings = {
				ASSETCATALOG_COMPILER_APPICON_NAME = AppIcon;
				ASSETCATALOG_COMPILER_LAUNCHIMAGE_NAME = LaunchImage;
				INFOPLIST_FILE = SinaWeibo/Info.plist;
				IPHONEOS_DEPLOYMENT_TARGET = 7.0;
				LD_RUNPATH_SEARCH_PATHS = "$(inherited) @executable_path/Frameworks";
				PRODUCT_BUNDLE_IDENTIFIER = com.liu.SinaWeibo;
				PRODUCT_NAME = "$(TARGET_NAME)";
				TARGETED_DEVICE_FAMILY = 1;
			};
			name = Debug;
		};
		A49C5BEF1CA136B900989FED /* Release */ = {
			isa = XCBuildConfiguration;
			baseConfigurationReference = B31E1AFF585805A86DD0B2C7 /* Pods.release.xcconfig */;
			buildSettings = {
				ASSETCATALOG_COMPILER_APPICON_NAME = AppIcon;
				ASSETCATALOG_COMPILER_LAUNCHIMAGE_NAME = LaunchImage;
				INFOPLIST_FILE = SinaWeibo/Info.plist;
				IPHONEOS_DEPLOYMENT_TARGET = 7.0;
				LD_RUNPATH_SEARCH_PATHS = "$(inherited) @executable_path/Frameworks";
				PRODUCT_BUNDLE_IDENTIFIER = com.liu.SinaWeibo;
				PRODUCT_NAME = "$(TARGET_NAME)";
				TARGETED_DEVICE_FAMILY = 1;
			};
			name = Release;
		};
		A49C5BF11CA136B900989FED /* Debug */ = {
			isa = XCBuildConfiguration;
			buildSettings = {
				BUNDLE_LOADER = "$(TEST_HOST)";
				INFOPLIST_FILE = SinaWeiboTests/Info.plist;
				LD_RUNPATH_SEARCH_PATHS = "$(inherited) @executable_path/Frameworks @loader_path/Frameworks";
				PRODUCT_BUNDLE_IDENTIFIER = com.liu.SinaWeiboTests;
				PRODUCT_NAME = "$(TARGET_NAME)";
				TEST_HOST = "$(BUILT_PRODUCTS_DIR)/SinaWeibo.app/SinaWeibo";
			};
			name = Debug;
		};
		A49C5BF21CA136B900989FED /* Release */ = {
			isa = XCBuildConfiguration;
			buildSettings = {
				BUNDLE_LOADER = "$(TEST_HOST)";
				INFOPLIST_FILE = SinaWeiboTests/Info.plist;
				LD_RUNPATH_SEARCH_PATHS = "$(inherited) @executable_path/Frameworks @loader_path/Frameworks";
				PRODUCT_BUNDLE_IDENTIFIER = com.liu.SinaWeiboTests;
				PRODUCT_NAME = "$(TARGET_NAME)";
				TEST_HOST = "$(BUILT_PRODUCTS_DIR)/SinaWeibo.app/SinaWeibo";
			};
			name = Release;
		};
		A49C5BF41CA136B900989FED /* Debug */ = {
			isa = XCBuildConfiguration;
			buildSettings = {
				INFOPLIST_FILE = SinaWeiboUITests/Info.plist;
				LD_RUNPATH_SEARCH_PATHS = "$(inherited) @executable_path/Frameworks @loader_path/Frameworks";
				PRODUCT_BUNDLE_IDENTIFIER = com.liu.SinaWeiboUITests;
				PRODUCT_NAME = "$(TARGET_NAME)";
				TEST_TARGET_NAME = SinaWeibo;
				USES_XCTRUNNER = YES;
			};
			name = Debug;
		};
		A49C5BF51CA136B900989FED /* Release */ = {
			isa = XCBuildConfiguration;
			buildSettings = {
				INFOPLIST_FILE = SinaWeiboUITests/Info.plist;
				LD_RUNPATH_SEARCH_PATHS = "$(inherited) @executable_path/Frameworks @loader_path/Frameworks";
				PRODUCT_BUNDLE_IDENTIFIER = com.liu.SinaWeiboUITests;
				PRODUCT_NAME = "$(TARGET_NAME)";
				TEST_TARGET_NAME = SinaWeibo;
				USES_XCTRUNNER = YES;
			};
			name = Release;
		};
/* End XCBuildConfiguration section */

/* Begin XCConfigurationList section */
		A49C5BC01CA136B900989FED /* Build configuration list for PBXProject "SinaWeibo" */ = {
			isa = XCConfigurationList;
			buildConfigurations = (
				A49C5BEB1CA136B900989FED /* Debug */,
				A49C5BEC1CA136B900989FED /* Release */,
			);
			defaultConfigurationIsVisible = 0;
			defaultConfigurationName = Release;
		};
		A49C5BED1CA136B900989FED /* Build configuration list for PBXNativeTarget "SinaWeibo" */ = {
			isa = XCConfigurationList;
			buildConfigurations = (
				A49C5BEE1CA136B900989FED /* Debug */,
				A49C5BEF1CA136B900989FED /* Release */,
			);
			defaultConfigurationIsVisible = 0;
			defaultConfigurationName = Release;
		};
		A49C5BF01CA136B900989FED /* Build configuration list for PBXNativeTarget "SinaWeiboTests" */ = {
			isa = XCConfigurationList;
			buildConfigurations = (
				A49C5BF11CA136B900989FED /* Debug */,
				A49C5BF21CA136B900989FED /* Release */,
			);
			defaultConfigurationIsVisible = 0;
			defaultConfigurationName = Release;
		};
		A49C5BF31CA136B900989FED /* Build configuration list for PBXNativeTarget "SinaWeiboUITests" */ = {
			isa = XCConfigurationList;
			buildConfigurations = (
				A49C5BF41CA136B900989FED /* Debug */,
				A49C5BF51CA136B900989FED /* Release */,
			);
			defaultConfigurationIsVisible = 0;
			defaultConfigurationName = Release;
		};
/* End XCConfigurationList section */
	};
	rootObject = A49C5BBD1CA136B900989FED /* Project object */;
}
